
Microsoft Visual Studio Solution File, Format Version 12.00
# Visual Studio Version 17
VisualStudioVersion = 17.6.33815.320
MinimumVisualStudioVersion = 10.0.40219.1
Project("{FAE04EC0-301F-11D3-BF4B-00C04F79EFBC}") = "LocacaoCarroMVC", "LocacaoCarroMVC\LocacaoCarroMVC.csproj", "{EF5FA9B0-39FC-4890-BC87-98BB479AC0DE}"
EndProject
Global
	GlobalSection(SolutionConfigurationPlatforms) = preSolution
		Debug|Any CPU = Debug|Any CPU
		Release|Any CPU = Release|Any CPU
	EndGlobalSection
	GlobalSection(ProjectConfigurationPlatforms) = postSolution
		{EF5FA9B0-39FC-4890-BC87-98BB479AC0DE}.Debug|Any CPU.ActiveCfg = Debug|Any CPU
		{EF5FA9B0-39FC-4890-BC87-98BB479AC0DE}.Debug|Any CPU.Build.0 = Debug|Any CPU
		{EF5FA9B0-39FC-4890-BC87-98BB479AC0DE}.Release|Any CPU.ActiveCfg = Release|Any CPU
		{EF5FA9B0-39FC-4890-BC87-98BB479AC0DE}.Release|Any CPU.Build.0 = Release|Any CPU
	EndGlobalSection
	GlobalSection(SolutionProperties) = preSolution
		HideSolutionNode = FALSE
	EndGlobalSection
	GlobalSection(ExtensibilityGlobals) = postSolution
		SolutionGuid = {0478FEE5-B8F9-4E11-B046-F2C801E4D6BC}
	EndGlobalSection
EndGlobal
